
Microsoft Visual Studio Solution File, Format Version 12.00
# Visual Studio Version 17
VisualStudioVersion = 17.1.32228.430
MinimumVisualStudioVersion = 10.0.40219.1
Project("{FAE04EC0-301F-11D3-BF4B-00C04F79EFBC}") = "FileEncrypter", "FileEncrypter\FileEncrypter.csproj", "{3F9709C5-BAA9-444C-A6D1-860C6D7D3B55}"
EndProject
Global
	GlobalSection(SolutionConfigurationPlatforms) = preSolution
		Debug|Any CPU = Debug|Any CPU
		Release|Any CPU = Release|Any CPU
	EndGlobalSection
	GlobalSection(ProjectConfigurationPlatforms) = postSolution
		{3F9709C5-BAA9-444C-A6D1-860C6D7D3B55}.Debug|Any CPU.ActiveCfg = Debug|Any CPU
		{3F9709C5-BAA9-444C-A6D1-860C6D7D3B55}.Debug|Any CPU.Build.0 = Debug|Any CPU
		{3F9709C5-BAA9-444C-A6D1-860C6D7D3B55}.Release|Any CPU.ActiveCfg = Release|Any CPU
		{3F9709C5-BAA9-444C-A6D1-860C6D7D3B55}.Release|Any CPU.Build.0 = Release|Any CPU
	EndGlobalSection
	GlobalSection(SolutionProperties) = preSolution
		HideSolutionNode = FALSE
	EndGlobalSection
	GlobalSection(ExtensibilityGlobals) = postSolution
		SolutionGuid = {42E9775D-BF76-457C-9AF0-4AF33FA76BB2}
	EndGlobalSection
EndGlobal
